
Microsoft Visual Studio Solution File, Format Version 12.00
# Visual Studio 15
VisualStudioVersion = 15.0.27130.2003
MinimumVisualStudioVersion = 10.0.40219.1
Project("{2150E333-8FDC-42A3-9474-1A3956D46DE8}") = "part i", "part i", "{E891A964-AB6E-4ACB-A7A3-9E541A5D122C}"
EndProject
Project("{2150E333-8FDC-42A3-9474-1A3956D46DE8}") = "part ii", "part ii", "{31F280AE-D4E4-44EB-A400-C52426C85EAA}"
EndProject
Project("{2150E333-8FDC-42A3-9474-1A3956D46DE8}") = "part iii", "part iii", "{560B7CCA-FC01-44D7-87A5-42DF0802FCEF}"
EndProject
Project("{8BC9CEB8-8B4A-11D0-8D11-00A0C91BC942}") = "Bsuir.AaDs.Cpp.Lab1_1", "part_i\Bsuir.AaDs.Cpp.Lab1\Bsuir.AaDs.Cpp.Lab1.vcxproj", "{8350698C-BA50-4351-948B-E2CE77DFEA7F}"
EndProject
Project("{8BC9CEB8-8B4A-11D0-8D11-00A0C91BC942}") = "Bsuir.AaDs.Cpp.Lab1_2", "part_i\Bsuir.AaDs.Cpp.Lab2\Bsuir.AaDs.Cpp.Lab2.vcxproj", "{5F2C7974-EB41-46EC-8DF5-DE1226FB5EBF}"
EndProject
Project("{8BC9CEB8-8B4A-11D0-8D11-00A0C91BC942}") = "Bsuir.AaDs.Cpp.Lab1_3", "part_i\Bsuir.AaDs.Cpp.Lab3\Bsuir.AaDs.Cpp.Lab3.vcxproj", "{AE47FD64-DC2B-4FA2-A24D-A5E343F20FBD}"
EndProject
Project("{8BC9CEB8-8B4A-11D0-8D11-00A0C91BC942}") = "Bsuir.AaDs.Cpp.Lab1_4", "part_i\Bsuir.AaDs.Cpp.Lab4\Bsuir.AaDs.Cpp.Lab4.vcxproj", "{1EFEECC9-76E7-4CF4-9B15-2E07DFF06E6C}"
EndProject
Project("{8BC9CEB8-8B4A-11D0-8D11-00A0C91BC942}") = "Bsuir.AaDs.Cpp.Lab1_5", "part_i\Bsuir.AaDs.Cpp.Lab5\Bsuir.AaDs.Cpp.Lab5.vcxproj", "{1EBD3623-8656-4665-8F8A-2C5600B7B922}"
EndProject
Project("{8BC9CEB8-8B4A-11D0-8D11-00A0C91BC942}") = "Bsuir.AaDs.Cpp.Lab1_6", "part_i\Bsuir.AaDs.Cpp.Lab6\Bsuir.AaDs.Cpp.Lab6.vcxproj", "{46A2A910-48CE-420F-A47E-E565A34E0894}"
EndProject
Project("{8BC9CEB8-8B4A-11D0-8D11-00A0C91BC942}") = "Bsuir.AaDs.Cpp.Lab1_8", "part_i\Bsuir.AaDs.Cpp.Lab8\Bsuir.AaDs.Cpp.Lab8.vcxproj", "{374450EB-62FA-4C2A-853E-DBF371E5C413}"
EndProject
Project("{8BC9CEB8-8B4A-11D0-8D11-00A0C91BC942}") = "Bsuir.AaDs.Cpp.Lab2_1", "part_ii\Bsuir.AaDs.Cpp.Lab21\Bsuir.AaDs.Cpp.Lab21.vcxproj", "{DB801103-A1F5-4F57-AAC6-AC735A974FB8}"
EndProject
Project("{8BC9CEB8-8B4A-11D0-8D11-00A0C91BC942}") = "Bsuir.AaDs.Cpp.Lab2_2_1", "part_ii\Bsuir.AaDs.Cpp.Lab22\Bsuir.AaDs.Cpp.Lab221\Bsuir.AaDs.Cpp.Lab221.vcxproj", "{16E7D3A0-A65A-475C-B9A5-EE4592ADBF7C}"
EndProject
Project("{8BC9CEB8-8B4A-11D0-8D11-00A0C91BC942}") = "Bsuir.AaDs.Cpp.Lab2_2_2", "part_ii\Bsuir.AaDs.Cpp.Lab22\Bsuir.AaDs.Cpp.Lab222\Bsuir.AaDs.Cpp.Lab222.vcxproj", "{8780C3E9-2A76-48C5-A8B6-0833CE6FC4F0}"
EndProject
Project("{8BC9CEB8-8B4A-11D0-8D11-00A0C91BC942}") = "Bsuir.AaDs.Cpp.Lab2_3", "part_ii\Bsuir.AaDs.Cpp.Lab23\Bsuir.AaDs.Cpp.Lab23.vcxproj", "{A5E6E2BE-1C13-498D-8569-A311B54608DE}"
EndProject
Project("{8BC9CEB8-8B4A-11D0-8D11-00A0C91BC942}") = "Bsuir.AaDs.Cpp.Lab2_4", "part_ii\Bsuir.AaDs.Cpp.Lab24\Bsuir.AaDs.Cpp.Lab24.vcxproj", "{F74AA92F-A0F1-4585-BA94-518035FFA2EC}"
EndProject
Project("{8BC9CEB8-8B4A-11D0-8D11-00A0C91BC942}") = "Bsuir.AaDs.Cpp.Lab2_5", "part_ii\Bsuir.AaDs.Cpp.Lab25\Bsuir.AaDs.Cpp.Lab25.vcxproj", "{FF4F97DA-C723-495D-B831-B2D7D524FF99}"
EndProject
Project("{8BC9CEB8-8B4A-11D0-8D11-00A0C91BC942}") = "Bsuir.AaDs.Cpp.Lab3_2", "part_iii\Bsuir.AaDs.Cpp.Lab32\Bsuir.AaDs.Cpp.Lab32.vcxproj", "{C2AFEEF8-CF66-4D30-B5ED-96D4A3ACCC29}"
EndProject
Project("{8BC9CEB8-8B4A-11D0-8D11-00A0C91BC942}") = "Bsuir.AaDs.Cpp.Lab3_5", "part_iii\Bsuir.AaDs.Cpp.Lab35\Bsuir.AaDs.Cpp.Lab35.vcxproj", "{E83B8E70-56C5-49A1-8C7F-C44A2180DA8A}"
EndProject
Project("{8BC9CEB8-8B4A-11D0-8D11-00A0C91BC942}") = "Bsuir.AaDs.Cpp.Lab3_4", "part_iii\Bsuir.AaDs.Cpp.Lab36\Bsuir.AaDs.Cpp.Lab36.vcxproj", "{57DD618E-07EF-4A12-BFA3-43579A74448A}"
EndProject
Project("{8BC9CEB8-8B4A-11D0-8D11-00A0C91BC942}") = "Bsuir.AaDs.Cpp.Lab3_6", "part_iii\Bsuir.AaDs.Cpp.Lab38\Bsuir.AaDs.Cpp.Lab38.vcxproj", "{949C5F9D-39A0-44F2-9B76-3F03C1C32815}"
EndProject
Project("{2150E333-8FDC-42A3-9474-1A3956D46DE8}") = "Bsuir.AaDs.Cpp.Lab2_2", "Bsuir.AaDs.Cpp.Lab2_2", "{ABBC951B-1A39-40A0-A29F-7308882C5B4B}"
EndProject
Project("{8BC9CEB8-8B4A-11D0-8D11-00A0C91BC942}") = "Bsuir.AaDs.Cpp.Lab3_3", "part_iii\Bsuir.AaDs.Cpp.Lab33\Bsuir.AaDs.Cpp.Lab33.vcxproj", "{083EE134-206A-4C39-9E5A-BE2CCCBD552B}"
EndProject
Project("{2150E333-8FDC-42A3-9474-1A3956D46DE8}") = "test", "test", "{3BF1A1F7-7D82-4BA2-9B40-5D1EEE1BF216}"
EndProject
Project("{8BC9CEB8-8B4A-11D0-8D11-00A0C91BC942}") = "exam", "exam\exam.vcxproj", "{2597DB55-E3F1-48C9-9F72-1B5EBD1A38A7}"
EndProject
Project("{2150E333-8FDC-42A3-9474-1A3956D46DE8}") = "Solution Items", "Solution Items", "{FDE51936-453F-444F-B79D-CAEF5D40006A}"
	ProjectSection(SolutionItems) = preProject
		LICENSE = LICENSE
	EndProjectSection
EndProject
Global
	GlobalSection(SolutionConfigurationPlatforms) = preSolution
		Debug|x64 = Debug|x64
		Debug|x86 = Debug|x86
		Release|x64 = Release|x64
		Release|x86 = Release|x86
	EndGlobalSection
	GlobalSection(ProjectConfigurationPlatforms) = postSolution
		{8350698C-BA50-4351-948B-E2CE77DFEA7F}.Debug|x64.ActiveCfg = Debug|x64
		{8350698C-BA50-4351-948B-E2CE77DFEA7F}.Debug|x64.Build.0 = Debug|x64
		{8350698C-BA50-4351-948B-E2CE77DFEA7F}.Debug|x86.ActiveCfg = Debug|Win32
		{8350698C-BA50-4351-948B-E2CE77DFEA7F}.Debug|x86.Build.0 = Debug|Win32
		{8350698C-BA50-4351-948B-E2CE77DFEA7F}.Release|x64.ActiveCfg = Release|x64
		{8350698C-BA50-4351-948B-E2CE77DFEA7F}.Release|x64.Build.0 = Release|x64
		{8350698C-BA50-4351-948B-E2CE77DFEA7F}.Release|x86.ActiveCfg = Release|Win32
		{8350698C-BA50-4351-948B-E2CE77DFEA7F}.Release|x86.Build.0 = Release|Win32
		{5F2C7974-EB41-46EC-8DF5-DE1226FB5EBF}.Debug|x64.ActiveCfg = Debug|x64
		{5F2C7974-EB41-46EC-8DF5-DE1226FB5EBF}.Debug|x64.Build.0 = Debug|x64
		{5F2C7974-EB41-46EC-8DF5-DE1226FB5EBF}.Debug|x86.ActiveCfg = Debug|Win32
		{5F2C7974-EB41-46EC-8DF5-DE1226FB5EBF}.Debug|x86.Build.0 = Debug|Win32
		{5F2C7974-EB41-46EC-8DF5-DE1226FB5EBF}.Release|x64.ActiveCfg = Release|x64
		{5F2C7974-EB41-46EC-8DF5-DE1226FB5EBF}.Release|x64.Build.0 = Release|x64
		{5F2C7974-EB41-46EC-8DF5-DE1226FB5EBF}.Release|x86.ActiveCfg = Release|Win32
		{5F2C7974-EB41-46EC-8DF5-DE1226FB5EBF}.Release|x86.Build.0 = Release|Win32
		{AE47FD64-DC2B-4FA2-A24D-A5E343F20FBD}.Debug|x64.ActiveCfg = Debug|x64
		{AE47FD64-DC2B-4FA2-A24D-A5E343F20FBD}.Debug|x64.Build.0 = Debug|x64
		{AE47FD64-DC2B-4FA2-A24D-A5E343F20FBD}.Debug|x86.ActiveCfg = Debug|Win32
		{AE47FD64-DC2B-4FA2-A24D-A5E343F20FBD}.Debug|x86.Build.0 = Debug|Win32
		{AE47FD64-DC2B-4FA2-A24D-A5E343F20FBD}.Release|x64.ActiveCfg = Release|x64
		{AE47FD64-DC2B-4FA2-A24D-A5E343F20FBD}.Release|x64.Build.0 = Release|x64
		{AE47FD64-DC2B-4FA2-A24D-A5E343F20FBD}.Release|x86.ActiveCfg = Release|Win32
		{AE47FD64-DC2B-4FA2-A24D-A5E343F20FBD}.Release|x86.Build.0 = Release|Win32
		{1EFEECC9-76E7-4CF4-9B15-2E07DFF06E6C}.Debug|x64.ActiveCfg = Debug|x64
		{1EFEECC9-76E7-4CF4-9B15-2E07DFF06E6C}.Debug|x64.Build.0 = Debug|x64
		{1EFEECC9-76E7-4CF4-9B15-2E07DFF06E6C}.Debug|x86.ActiveCfg = Debug|Win32
		{1EFEECC9-76E7-4CF4-9B15-2E07DFF06E6C}.Debug|x86.Build.0 = Debug|Win32
		{1EFEECC9-76E7-4CF4-9B15-2E07DFF06E6C}.Release|x64.ActiveCfg = Release|x64
		{1EFEECC9-76E7-4CF4-9B15-2E07DFF06E6C}.Release|x64.Build.0 = Release|x64
		{1EFEECC9-76E7-4CF4-9B15-2E07DFF06E6C}.Release|x86.ActiveCfg = Release|Win32
		{1EFEECC9-76E7-4CF4-9B15-2E07DFF06E6C}.Release|x86.Build.0 = Release|Win32
		{1EBD3623-8656-4665-8F8A-2C5600B7B922}.Debug|x64.ActiveCfg = Debug|x64
		{1EBD3623-8656-4665-8F8A-2C5600B7B922}.Debug|x64.Build.0 = Debug|x64
		{1EBD3623-8656-4665-8F8A-2C5600B7B922}.Debug|x86.ActiveCfg = Debug|Win32
		{1EBD3623-8656-4665-8F8A-2C5600B7B922}.Debug|x86.Build.0 = Debug|Win32
		{1EBD3623-8656-4665-8F8A-2C5600B7B922}.Release|x64.ActiveCfg = Release|x64
		{1EBD3623-8656-4665-8F8A-2C5600B7B922}.Release|x64.Build.0 = Release|x64
		{1EBD3623-8656-4665-8F8A-2C5600B7B922}.Release|x86.ActiveCfg = Release|Win32
		{1EBD3623-8656-4665-8F8A-2C5600B7B922}.Release|x86.Build.0 = Release|Win32
		{46A2A910-48CE-420F-A47E-E565A34E0894}.Debug|x64.ActiveCfg = Debug|x64
		{46A2A910-48CE-420F-A47E-E565A34E0894}.Debug|x64.Build.0 = Debug|x64
		{46A2A910-48CE-420F-A47E-E565A34E0894}.Debug|x86.ActiveCfg = Debug|Win32
		{46A2A910-48CE-420F-A47E-E565A34E0894}.Debug|x86.Build.0 = Debug|Win32
		{46A2A910-48CE-420F-A47E-E565A34E0894}.Release|x64.ActiveCfg = Release|x64
		{46A2A910-48CE-420F-A47E-E565A34E0894}.Release|x64.Build.0 = Release|x64
		{46A2A910-48CE-420F-A47E-E565A34E0894}.Release|x86.ActiveCfg = Release|Win32
		{46A2A910-48CE-420F-A47E-E565A34E0894}.Release|x86.Build.0 = Release|Win32
		{374450EB-62FA-4C2A-853E-DBF371E5C413}.Debug|x64.ActiveCfg = Debug|x64
		{374450EB-62FA-4C2A-853E-DBF371E5C413}.Debug|x64.Build.0 = Debug|x64
		{374450EB-62FA-4C2A-853E-DBF371E5C413}.Debug|x86.ActiveCfg = Debug|Win32
		{374450EB-62FA-4C2A-853E-DBF371E5C413}.Debug|x86.Build.0 = Debug|Win32
		{374450EB-62FA-4C2A-853E-DBF371E5C413}.Release|x64.ActiveCfg = Release|x64
		{374450EB-62FA-4C2A-853E-DBF371E5C413}.Release|x64.Build.0 = Release|x64
		{374450EB-62FA-4C2A-853E-DBF371E5C413}.Release|x86.ActiveCfg = Release|Win32
		{374450EB-62FA-4C2A-853E-DBF371E5C413}.Release|x86.Build.0 = Release|Win32
		{DB801103-A1F5-4F57-AAC6-AC735A974FB8}.Debug|x64.ActiveCfg = Debug|x64
		{DB801103-A1F5-4F57-AAC6-AC735A974FB8}.Debug|x64.Build.0 = Debug|x64
		{DB801103-A1F5-4F57-AAC6-AC735A974FB8}.Debug|x86.ActiveCfg = Debug|Win32
		{DB801103-A1F5-4F57-AAC6-AC735A974FB8}.Debug|x86.Build.0 = Debug|Win32
		{DB801103-A1F5-4F57-AAC6-AC735A974FB8}.Release|x64.ActiveCfg = Release|x64
		{DB801103-A1F5-4F57-AAC6-AC735A974FB8}.Release|x64.Build.0 = Release|x64
		{DB801103-A1F5-4F57-AAC6-AC735A974FB8}.Release|x86.ActiveCfg = Release|Win32
		{DB801103-A1F5-4F57-AAC6-AC735A974FB8}.Release|x86.Build.0 = Release|Win32
		{16E7D3A0-A65A-475C-B9A5-EE4592ADBF7C}.Debug|x64.ActiveCfg = Debug|x64
		{16E7D3A0-A65A-475C-B9A5-EE4592ADBF7C}.Debug|x64.Build.0 = Debug|x64
		{16E7D3A0-A65A-475C-B9A5-EE4592ADBF7C}.Debug|x86.ActiveCfg = Debug|Win32
		{16E7D3A0-A65A-475C-B9A5-EE4592ADBF7C}.Debug|x86.Build.0 = Debug|Win32
		{16E7D3A0-A65A-475C-B9A5-EE4592ADBF7C}.Release|x64.ActiveCfg = Release|x64
		{16E7D3A0-A65A-475C-B9A5-EE4592ADBF7C}.Release|x64.Build.0 = Release|x64
		{16E7D3A0-A65A-475C-B9A5-EE4592ADBF7C}.Release|x86.ActiveCfg = Release|Win32
		{16E7D3A0-A65A-475C-B9A5-EE4592ADBF7C}.Release|x86.Build.0 = Release|Win32
		{8780C3E9-2A76-48C5-A8B6-0833CE6FC4F0}.Debug|x64.ActiveCfg = Debug|x64
		{8780C3E9-2A76-48C5-A8B6-0833CE6FC4F0}.Debug|x64.Build.0 = Debug|x64
		{8780C3E9-2A76-48C5-A8B6-0833CE6FC4F0}.Debug|x86.ActiveCfg = Debug|Win32
		{8780C3E9-2A76-48C5-A8B6-0833CE6FC4F0}.Debug|x86.Build.0 = Debug|Win32
		{8780C3E9-2A76-48C5-A8B6-0833CE6FC4F0}.Release|x64.ActiveCfg = Release|x64
		{8780C3E9-2A76-48C5-A8B6-0833CE6FC4F0}.Release|x64.Build.0 = Release|x64
		{8780C3E9-2A76-48C5-A8B6-0833CE6FC4F0}.Release|x86.ActiveCfg = Release|Win32
		{8780C3E9-2A76-48C5-A8B6-0833CE6FC4F0}.Release|x86.Build.0 = Release|Win32
		{A5E6E2BE-1C13-498D-8569-A311B54608DE}.Debug|x64.ActiveCfg = Debug|x64
		{A5E6E2BE-1C13-498D-8569-A311B54608DE}.Debug|x64.Build.0 = Debug|x64
		{A5E6E2BE-1C13-498D-8569-A311B54608DE}.Debug|x86.ActiveCfg = Debug|Win32
		{A5E6E2BE-1C13-498D-8569-A311B54608DE}.Debug|x86.Build.0 = Debug|Win32
		{A5E6E2BE-1C13-498D-8569-A311B54608DE}.Release|x64.ActiveCfg = Release|x64
		{A5E6E2BE-1C13-498D-8569-A311B54608DE}.Release|x64.Build.0 = Release|x64
		{A5E6E2BE-1C13-498D-8569-A311B54608DE}.Release|x86.ActiveCfg = Release|Win32
		{A5E6E2BE-1C13-498D-8569-A311B54608DE}.Release|x86.Build.0 = Release|Win32
		{F74AA92F-A0F1-4585-BA94-518035FFA2EC}.Debug|x64.ActiveCfg = Debug|x64
		{F74AA92F-A0F1-4585-BA94-518035FFA2EC}.Debug|x64.Build.0 = Debug|x64
		{F74AA92F-A0F1-4585-BA94-518035FFA2EC}.Debug|x86.ActiveCfg = Debug|Win32
		{F74AA92F-A0F1-4585-BA94-518035FFA2EC}.Debug|x86.Build.0 = Debug|Win32
		{F74AA92F-A0F1-4585-BA94-518035FFA2EC}.Release|x64.ActiveCfg = Release|x64
		{F74AA92F-A0F1-4585-BA94-518035FFA2EC}.Release|x64.Build.0 = Release|x64
		{F74AA92F-A0F1-4585-BA94-518035FFA2EC}.Release|x86.ActiveCfg = Release|Win32
		{F74AA92F-A0F1-4585-BA94-518035FFA2EC}.Release|x86.Build.0 = Release|Win32
		{FF4F97DA-C723-495D-B831-B2D7D524FF99}.Debug|x64.ActiveCfg = Debug|x64
		{FF4F97DA-C723-495D-B831-B2D7D524FF99}.Debug|x64.Build.0 = Debug|x64
		{FF4F97DA-C723-495D-B831-B2D7D524FF99}.Debug|x86.ActiveCfg = Debug|Win32
		{FF4F97DA-C723-495D-B831-B2D7D524FF99}.Debug|x86.Build.0 = Debug|Win32
		{FF4F97DA-C723-495D-B831-B2D7D524FF99}.Release|x64.ActiveCfg = Release|x64
		{FF4F97DA-C723-495D-B831-B2D7D524FF99}.Release|x64.Build.0 = Release|x64
		{FF4F97DA-C723-495D-B831-B2D7D524FF99}.Release|x86.ActiveCfg = Release|Win32
		{FF4F97DA-C723-495D-B831-B2D7D524FF99}.Release|x86.Build.0 = Release|Win32
		{C2AFEEF8-CF66-4D30-B5ED-96D4A3ACCC29}.Debug|x64.ActiveCfg = Debug|x64
		{C2AFEEF8-CF66-4D30-B5ED-96D4A3ACCC29}.Debug|x64.Build.0 = Debug|x64
		{C2AFEEF8-CF66-4D30-B5ED-96D4A3ACCC29}.Debug|x86.ActiveCfg = Debug|Win32
		{C2AFEEF8-CF66-4D30-B5ED-96D4A3ACCC29}.Debug|x86.Build.0 = Debug|Win32
		{C2AFEEF8-CF66-4D30-B5ED-96D4A3ACCC29}.Release|x64.ActiveCfg = Release|x64
		{C2AFEEF8-CF66-4D30-B5ED-96D4A3ACCC29}.Release|x64.Build.0 = Release|x64
		{C2AFEEF8-CF66-4D30-B5ED-96D4A3ACCC29}.Release|x86.ActiveCfg = Release|Win32
		{C2AFEEF8-CF66-4D30-B5ED-96D4A3ACCC29}.Release|x86.Build.0 = Release|Win32
		{E83B8E70-56C5-49A1-8C7F-C44A2180DA8A}.Debug|x64.ActiveCfg = Debug|x64
		{E83B8E70-56C5-49A1-8C7F-C44A2180DA8A}.Debug|x64.Build.0 = Debug|x64
		{E83B8E70-56C5-49A1-8C7F-C44A2180DA8A}.Debug|x86.ActiveCfg = Debug|Win32
		{E83B8E70-56C5-49A1-8C7F-C44A2180DA8A}.Debug|x86.Build.0 = Debug|Win32
		{E83B8E70-56C5-49A1-8C7F-C44A2180DA8A}.Release|x64.ActiveCfg = Release|x64
		{E83B8E70-56C5-49A1-8C7F-C44A2180DA8A}.Release|x64.Build.0 = Release|x64
		{E83B8E70-56C5-49A1-8C7F-C44A2180DA8A}.Release|x86.ActiveCfg = Release|Win32
		{E83B8E70-56C5-49A1-8C7F-C44A2180DA8A}.Release|x86.Build.0 = Release|Win32
		{57DD618E-07EF-4A12-BFA3-43579A74448A}.Debug|x64.ActiveCfg = Debug|x64
		{57DD618E-07EF-4A12-BFA3-43579A74448A}.Debug|x64.Build.0 = Debug|x64
		{57DD618E-07EF-4A12-BFA3-43579A74448A}.Debug|x86.ActiveCfg = Debug|Win32
		{57DD618E-07EF-4A12-BFA3-43579A74448A}.Debug|x86.Build.0 = Debug|Win32
		{57DD618E-07EF-4A12-BFA3-43579A74448A}.Release|x64.ActiveCfg = Release|x64
		{57DD618E-07EF-4A12-BFA3-43579A74448A}.Release|x64.Build.0 = Release|x64
		{57DD618E-07EF-4A12-BFA3-43579A74448A}.Release|x86.ActiveCfg = Release|Win32
		{57DD618E-07EF-4A12-BFA3-43579A74448A}.Release|x86.Build.0 = Release|Win32
		{949C5F9D-39A0-44F2-9B76-3F03C1C32815}.Debug|x64.ActiveCfg = Debug|x64
		{949C5F9D-39A0-44F2-9B76-3F03C1C32815}.Debug|x64.Build.0 = Debug|x64
		{949C5F9D-39A0-44F2-9B76-3F03C1C32815}.Debug|x86.ActiveCfg = Debug|Win32
		{949C5F9D-39A0-44F2-9B76-3F03C1C32815}.Debug|x86.Build.0 = Debug|Win32
		{949C5F9D-39A0-44F2-9B76-3F03C1C32815}.Release|x64.ActiveCfg = Release|x64
		{949C5F9D-39A0-44F2-9B76-3F03C1C32815}.Release|x64.Build.0 = Release|x64
		{949C5F9D-39A0-44F2-9B76-3F03C1C32815}.Release|x86.ActiveCfg = Release|Win32
		{949C5F9D-39A0-44F2-9B76-3F03C1C32815}.Release|x86.Build.0 = Release|Win32
		{083EE134-206A-4C39-9E5A-BE2CCCBD552B}.Debug|x64.ActiveCfg = Debug|x64
		{083EE134-206A-4C39-9E5A-BE2CCCBD552B}.Debug|x64.Build.0 = Debug|x64
		{083EE134-206A-4C39-9E5A-BE2CCCBD552B}.Debug|x86.ActiveCfg = Debug|Win32
		{083EE134-206A-4C39-9E5A-BE2CCCBD552B}.Debug|x86.Build.0 = Debug|Win32
		{083EE134-206A-4C39-9E5A-BE2CCCBD552B}.Release|x64.ActiveCfg = Release|x64
		{083EE134-206A-4C39-9E5A-BE2CCCBD552B}.Release|x64.Build.0 = Release|x64
		{083EE134-206A-4C39-9E5A-BE2CCCBD552B}.Release|x86.ActiveCfg = Release|Win32
		{083EE134-206A-4C39-9E5A-BE2CCCBD552B}.Release|x86.Build.0 = Release|Win32
		{2597DB55-E3F1-48C9-9F72-1B5EBD1A38A7}.Debug|x64.ActiveCfg = Debug|x64
		{2597DB55-E3F1-48C9-9F72-1B5EBD1A38A7}.Debug|x64.Build.0 = Debug|x64
		{2597DB55-E3F1-48C9-9F72-1B5EBD1A38A7}.Debug|x86.ActiveCfg = Debug|Win32
		{2597DB55-E3F1-48C9-9F72-1B5EBD1A38A7}.Debug|x86.Build.0 = Debug|Win32
		{2597DB55-E3F1-48C9-9F72-1B5EBD1A38A7}.Release|x64.ActiveCfg = Release|x64
		{2597DB55-E3F1-48C9-9F72-1B5EBD1A38A7}.Release|x64.Build.0 = Release|x64
		{2597DB55-E3F1-48C9-9F72-1B5EBD1A38A7}.Release|x86.ActiveCfg = Release|Win32
		{2597DB55-E3F1-48C9-9F72-1B5EBD1A38A7}.Release|x86.Build.0 = Release|Win32
	EndGlobalSection
	GlobalSection(SolutionProperties) = preSolution
		HideSolutionNode = FALSE
	EndGlobalSection
	GlobalSection(NestedProjects) = preSolution
		{8350698C-BA50-4351-948B-E2CE77DFEA7F} = {E891A964-AB6E-4ACB-A7A3-9E541A5D122C}
		{5F2C7974-EB41-46EC-8DF5-DE1226FB5EBF} = {E891A964-AB6E-4ACB-A7A3-9E541A5D122C}
		{AE47FD64-DC2B-4FA2-A24D-A5E343F20FBD} = {E891A964-AB6E-4ACB-A7A3-9E541A5D122C}
		{1EFEECC9-76E7-4CF4-9B15-2E07DFF06E6C} = {E891A964-AB6E-4ACB-A7A3-9E541A5D122C}
		{1EBD3623-8656-4665-8F8A-2C5600B7B922} = {E891A964-AB6E-4ACB-A7A3-9E541A5D122C}
		{46A2A910-48CE-420F-A47E-E565A34E0894} = {E891A964-AB6E-4ACB-A7A3-9E541A5D122C}
		{374450EB-62FA-4C2A-853E-DBF371E5C413} = {E891A964-AB6E-4ACB-A7A3-9E541A5D122C}
		{DB801103-A1F5-4F57-AAC6-AC735A974FB8} = {31F280AE-D4E4-44EB-A400-C52426C85EAA}
		{16E7D3A0-A65A-475C-B9A5-EE4592ADBF7C} = {ABBC951B-1A39-40A0-A29F-7308882C5B4B}
		{8780C3E9-2A76-48C5-A8B6-0833CE6FC4F0} = {ABBC951B-1A39-40A0-A29F-7308882C5B4B}
		{A5E6E2BE-1C13-498D-8569-A311B54608DE} = {31F280AE-D4E4-44EB-A400-C52426C85EAA}
		{F74AA92F-A0F1-4585-BA94-518035FFA2EC} = {31F280AE-D4E4-44EB-A400-C52426C85EAA}
		{FF4F97DA-C723-495D-B831-B2D7D524FF99} = {31F280AE-D4E4-44EB-A400-C52426C85EAA}
		{C2AFEEF8-CF66-4D30-B5ED-96D4A3ACCC29} = {560B7CCA-FC01-44D7-87A5-42DF0802FCEF}
		{E83B8E70-56C5-49A1-8C7F-C44A2180DA8A} = {560B7CCA-FC01-44D7-87A5-42DF0802FCEF}
		{57DD618E-07EF-4A12-BFA3-43579A74448A} = {560B7CCA-FC01-44D7-87A5-42DF0802FCEF}
		{949C5F9D-39A0-44F2-9B76-3F03C1C32815} = {560B7CCA-FC01-44D7-87A5-42DF0802FCEF}
		{ABBC951B-1A39-40A0-A29F-7308882C5B4B} = {31F280AE-D4E4-44EB-A400-C52426C85EAA}
		{083EE134-206A-4C39-9E5A-BE2CCCBD552B} = {560B7CCA-FC01-44D7-87A5-42DF0802FCEF}
		{2597DB55-E3F1-48C9-9F72-1B5EBD1A38A7} = {3BF1A1F7-7D82-4BA2-9B40-5D1EEE1BF216}
	EndGlobalSection
	GlobalSection(ExtensibilityGlobals) = postSolution
		SolutionGuid = {81AD2553-45BE-4D76-AFBD-7523E86BF226}
	EndGlobalSection
EndGlobal
